lockfileVersion: '6.0'

settings:
  autoInstallPeers: false
  excludeLinksFromLockfile: false

importers:

  .:
    devDependencies:
      '@types/node':
        specifier: 16.18.46
        version: 16.18.46
      cross-env:
        specifier: 7.0.3
        version: 7.0.3
      turbo:
        specifier: 1.10.13
        version: 1.10.13
      typescript:
        specifier: 4.9.5
        version: 4.9.5

  packages/test:
    dependencies:
      monorepo-ws-example-utils:
        specifier: workspace:*
        version: link:../utils
    devDependencies:
      monorepo-ws-example-tsconfig:
        specifier: workspace:*
        version: link:../tsconfig
      typescript:
        specifier: 4.9.5
        version: 4.9.5

  packages/tsconfig: {}

  packages/utils:
    devDependencies:
      monorepo-ws-example-tsconfig:
        specifier: workspace:*
        version: link:../tsconfig
      typescript:
        specifier: 4.9.5
        version: 4.9.5

packages:

  /@types/node@16.18.46:
    resolution: {integrity: sha512-Mnq3O9Xz52exs3mlxMcQuA7/9VFe/dXcrgAyfjLkABIqxXKOgBRjyazTxUbjsxDa4BP7hhPliyjVTP9RDP14xg==}
    dev: true

  /cross-env@7.0.3:
    resolution: {integrity: sha512-+/HKd6EgcQCJGh2PSjZuUitQBQynKor4wrFbRg4DtAgS1aWO+gU52xpH7M9ScGgXSYmAVS9bIJ8EzuaGw0oNAw==}
    engines: {node: '>=10.14', npm: '>=6', yarn: '>=1'}
    hasBin: true
    dependencies:
      cross-spawn: 7.0.3
    dev: true

  /cross-spawn@7.0.3:
    resolution: {integrity: sha512-iRDPJKUPVEND7dHPO8rkbOnPpyDygcDFtWjpeWNCgy8WP2rXcxXL8TskReQl6OrB2G7+UJrags1q15Fudc7G6w==}
    engines: {node: '>= 8'}
    dependencies:
      path-key: 3.1.1
      shebang-command: 2.0.0
      which: 2.0.2
    dev: true

  /isexe@2.0.0:
    resolution: {integrity: sha512-RHxMLp9lnKHGHRng9QFhRCMbYAcVpn69smSGcq3f36xjgVVWThj4qqLbTLlq7Ssj8B+fIQ1EuCEGI2lKsyQeIw==}
    dev: true

  /path-key@3.1.1:
    resolution: {integrity: sha512-ojmeN0qd+y0jszEtoY48r0Peq5dwMEkIlCOu6Q5f41lfkswXuKtYrhgoTpLnyIcHm24Uhqx+5Tqm2InSwLhE6Q==}
    engines: {node: '>=8'}
    dev: true

  /shebang-command@2.0.0:
    resolution: {integrity: sha512-kHxr2zZpYtdmrN1qDjrrX/Z1rR1kG8Dx+gkpK1G4eXmvXswmcE1hTWBWYUzlraYw1/yZp6YuDY77YtvbN0dmDA==}
    engines: {node: '>=8'}
    dependencies:
      shebang-regex: 3.0.0
    dev: true

  /shebang-regex@3.0.0:
    resolution: {integrity: sha512-7++dFhtcx3353uBaq8DDR4NuxBetBzC7ZQOhmTQInHEd6bSrXdiEyzCvG07Z44UYdLShWUyXt5M/yhz8ekcb1A==}
    engines: {node: '>=8'}
    dev: true

  /turbo-darwin-64@1.10.13:
    resolution: {integrity: sha512-vmngGfa2dlYvX7UFVncsNDMuT4X2KPyPJ2Jj+xvf5nvQnZR/3IeDEGleGVuMi/hRzdinoxwXqgk9flEmAYp0Xw==}
    cpu: [x64]
    os: [darwin]
    requiresBuild: true
    dev: true
    optional: true

  /turbo-darwin-arm64@1.10.13:
    resolution: {integrity: sha512-eMoJC+k7gIS4i2qL6rKmrIQGP6Wr9nN4odzzgHFngLTMimok2cGLK3qbJs5O5F/XAtEeRAmuxeRnzQwTl/iuAw==}
    cpu: [arm64]
    os: [darwin]
    requiresBuild: true
    dev: true
    optional: true

  /turbo-linux-64@1.10.13:
    resolution: {integrity: sha512-0CyYmnKTs6kcx7+JRH3nPEqCnzWduM0hj8GP/aodhaIkLNSAGAa+RiYZz6C7IXN+xUVh5rrWTnU2f1SkIy7Gdg==}
    cpu: [x64]
    os: [linux]
    requiresBuild: true
    dev: true
    optional: true

  /turbo-linux-arm64@1.10.13:
    resolution: {integrity: sha512-0iBKviSGQQlh2OjZgBsGjkPXoxvRIxrrLLbLObwJo3sOjIH0loGmVIimGS5E323soMfi/o+sidjk2wU1kFfD7Q==}
    cpu: [arm64]
    os: [linux]
    requiresBuild: true
    dev: true
    optional: true

  /turbo-windows-64@1.10.13:
    resolution: {integrity: sha512-S5XySRfW2AmnTeY1IT+Jdr6Goq7mxWganVFfrmqU+qqq3Om/nr0GkcUX+KTIo9mPrN0D3p5QViBRzulwB5iuUQ==}
    cpu: [x64]
    os: [win32]
    requiresBuild: true
    dev: true
    optional: true

  /turbo-windows-arm64@1.10.13:
    resolution: {integrity: sha512-nKol6+CyiExJIuoIc3exUQPIBjP9nIq5SkMJgJuxsot2hkgGrafAg/izVDRDrRduQcXj2s8LdtxJHvvnbI8hEQ==}
    cpu: [arm64]
    os: [win32]
    requiresBuild: true
    dev: true
    optional: true

  /turbo@1.10.13:
    resolution: {integrity: sha512-vOF5IPytgQPIsgGtT0n2uGZizR2N3kKuPIn4b5p5DdeLoI0BV7uNiydT7eSzdkPRpdXNnO8UwS658VaI4+YSzQ==}
    hasBin: true
    optionalDependencies:
      turbo-darwin-64: 1.10.13
      turbo-darwin-arm64: 1.10.13
      turbo-linux-64: 1.10.13
      turbo-linux-arm64: 1.10.13
      turbo-windows-64: 1.10.13
      turbo-windows-arm64: 1.10.13
    dev: true

  /typescript@4.9.5:
    resolution: {integrity: sha512-1FXk9E2Hm+QzZQ7z+McJiHL4NW1F2EzMu9Nq9i3zAaGqibafqYwCVU6WyWAuyQRRzOlxou8xZSyXLEN8oKj24g==}
    engines: {node: '>=4.2.0'}
    hasBin: true
    dev: true

  /which@2.0.2:
    resolution: {integrity: sha512-BLI3Tl1TW3Pvl70l3yq3Y64i+awpwXqsGBYWkkqMtnbXgrMD+yj7rhW0kuEDxzJaYXGjEW5ogapKNMEKNMjibA==}
    engines: {node: '>= 8'}
    hasBin: true
    dependencies:
      isexe: 2.0.0
    dev: true
